{
  "version": 2,
  "dependencies": {
    "net10.0": {
      "coverlet.MTP": {
        "type": "Direct",
        "requested": "[10.0.1, )",
        "resolved": "10.0.1",
        "contentHash": "VR4/Y0Arr8cdIKhYE5dZCI2XU1ShCHZEAgm+LjokTThl1vzy9scqq8NDLETok5AchMTtsUQqcAU81N1cgHUclg==",
        "dependencies": {
          "Microsoft.Extensions.Configuration": "10.0.8",
          "Microsoft.Extensions.Configuration.Json": "10.0.8",
          "Microsoft.Extensions.DependencyInjection": "10.0.8",
          "Microsoft.Testing.Platform": "2.2.2"
        }
      },
      "Microsoft.NET.Test.Sdk": {
        "type": "Direct",
        "requested": "[18.10.1, )",
        "resolved": "18.10.1",
        "contentHash": "SxCFvJE/2ltUQgCgv6+Ixagohw4sZc9hM7Wid2foaNM7paBscktoHLoRDz91fW8wbHG87Rg9Ku59/8PXumqUrA==",
        "dependencies": {
          "Microsoft.CodeCoverage": "18.10.1",
          "Microsoft.TestPlatform.TestHost": "18.10.1"
        }
      },
      "xunit.runner.visualstudio": {
        "type": "Direct",
        "requested": "[4.0.0, )",
        "resolved": "4.0.0",
        "contentHash": "kzLFyBYUnoidpGOXvpNOfIo8C92gVgVR6X8ncHwhcrDYugiOut5rrhDkr0L3cWHd7J2pKXf6LgaeXoBBDlx1ag=="
      },
      "xunit.v3": {
        "type": "Direct",
        "requested": "[4.0.1, )",
        "resolved": "4.0.1",
        "contentHash": "KpDYf6jFjYfOchuRJOAXPOpwN03hLE1AF4kWzCUSnhr8JZMiGH4BT1YidCcm6BE1H4E90GyJzuKoCwXbg9PXmA==",
        "dependencies": {
          "xunit.v3.mtp-v2": "[4.0.1]"
        }
      },
      "Google.Protobuf": {
        "type": "Transitive",
        "resolved": "3.30.2",
        "contentHash": "Y2aOVLIt75yeeEWigg9V9YnjsEm53sADtLGq0gLhwaXpk3iu8tYSoauolyhenagA2sWno2TQ2WujI0HQd6s1Vw=="
      },
      "Microsoft.Agents.AI.Abstractions": {
        "type": "Transitive",
        "resolved": "1.22.0",
        "contentHash": "ZgDJUP+wuo1k2rMXg7wtKGbx0A0zo/q0k2juoKQ2EIbdhH8gdSwwNjQ9Zew3u3UmBuRWgH/4EMsCQrc7vx2x1g==",
        "dependencies": {
          "Microsoft.Extensions.AI.Abstractions": "10.10.0"
        }
      },
      "Microsoft.ApplicationInsights": {
        "type": "Transitive",
        "resolved": "2.23.0",
        "contentHash": "nWArUZTdU7iqZLycLKWe0TDms48KKGE6pONH2terYNa8REXiqixrMOkf1sk5DHGMaUTqONU2YkS4SAXBhLStgw=="
      },
      "Microsoft.Bcl.AsyncInterfaces": {
        "type": "Transitive",
        "resolved": "6.0.0",
        "contentHash": "UcSjPsst+DfAdJGVDsu346FX0ci0ah+lw3WRtn18NUwEqRt70HaOQ7lI72vy3+1LxtqI3T5GWwV39rQSrCzAeg=="
      },
      "Microsoft.CodeCoverage": {
        "type": "Transitive",
        "resolved": "18.10.1",
        "contentHash": "tV7tCyp/t+DuwQugLkCeUN7NBFFB4fEGRPr0gkMQ2nQgAvQQjmGlZZi1dsLzbyoe/A0mbnKybmkIh8qhT9p4Zw=="
      },
      "Microsoft.Extensions.AI.Abstractions": {
        "type": "Transitive",
        "resolved": "10.10.0",
        "contentHash": "frBHj2ckpevA+KdDLikxv8oxGPrJiyTvaiblYp+vtVEt0q6J73XP5m2SICm86nFK6rl+L1GCKxIy4S5Lb3p2kQ=="
      },
      "Microsoft.Extensions.AI.Evaluation": {
        "type": "Transitive",
        "resolved": "10.10.0",
        "contentHash": "YXdqOSHl8X1/Vkmuu6QoV330FQ7aiYtNDqIUIiICSDd0HMx0No9D/ZWo0ocOPXd9bk00YQQfyK5HKcgRnRmQbQ==",
        "dependencies": {
          "Microsoft.Extensions.AI.Abstractions": "10.10.0"
        }
      },
      "Microsoft.Extensions.Caching.Abstractions": {
        "type": "Transitive",
        "resolved": "10.0.12",
        "contentHash": "sI3A6MUAyZwccLnwq0cXuRmC3WBtXieimBWafXSfhRJ4jnM2uGVXrqImDDVyW27u4vVaTOGlJxNJd8d1FGvCNQ==",
        "dependencies": {
          "Microsoft.Extensions.Primitives": "10.0.12"
        }
      },
      "Microsoft.Extensions.Compliance.Abstractions": {
        "type": "Transitive",
        "resolved": "10.10.0",
        "contentHash": "Sh3ujDRJpCMNY4x+43ljCROt4qBOoWfsL8l816RPYZS1S+Tw277r5002rbB15Sh6hFcCT8mGYBO7NtpfSYrQ0Q==",
        "dependencies": {
          "Microsoft.Extensions.DependencyInjection.Abstractions": "10.0.12",
          "Microsoft.Extensions.ObjectPool": "10.0.12"
        }
      },
      "Microsoft.Extensions.Configuration": {
        "type": "Transitive",
        "resolved": "10.0.8",
        "contentHash": "ehZcoPbjzWzS4XFvuz7R3V55SmpdkyMqFURLH3yXaN9NtXd9tR6CGB7pd49HYtCkenl+G7ctXSFLhNI08xLfRg==",
        "dependencies": {
          "Microsoft.Extensions.Configuration.Abstractions": "10.0.8",
          "Microsoft.Extensions.Primitives": "10.0.8"
        }
      },
      "Microsoft.Extensions.Configuration.Abstractions": {
        "type": "Transitive",
        "resolved": "10.0.8",
        "contentHash": "I63esIFbL3h5pSt7gXpXOlmcwDmYBUoYNEglKfDPFUqtYvSV84f2l28hO2lfVXsV0wdlplgAM7IVz16matapSg==",
        "dependencies": {
          "Microsoft.Extensions.Primitives": "10.0.8"
        }
      },
      "Microsoft.Extensions.Configuration.FileExtensions": {
        "type": "Transitive",
        "resolved": "10.0.8",
        "contentHash": "1g9mzuu8gIHkjYb0jLxOTQVl/QDG5nn0b0JzgT/gbgNKr6gXZzxOHRAsdYRc1eDApB7LdHR8uK5vQrNjIQdRrQ==",
        "dependencies": {
          "Microsoft.Extensions.Configuration": "10.0.8",
          "Microsoft.Extensions.Configuration.Abstractions": "10.0.8",
          "Microsoft.Extensions.FileProviders.Abstractions": "10.0.8",
          "Microsoft.Extensions.FileProviders.Physical": "10.0.8",
          "Microsoft.Extensions.Primitives": "10.0.8"
        }
      },
      "Microsoft.Extensions.Configuration.Json": {
        "type": "Transitive",
        "resolved": "10.0.8",
        "contentHash": "KLtAZ6A38s1pIfCO2ns6aG14NNGMYNZ4PBYfFK4M+R4A+xuSc6oklhqDcpHZxvDpyBWeFtR5C8iQBw2ng8tUHQ==",
        "dependencies": {
          "Microsoft.Extensions.Configuration": "10.0.8",
          "Microsoft.Extensions.Configuration.Abstractions": "10.0.8",
          "Microsoft.Extensions.Configuration.FileExtensions": "10.0.8",
          "Microsoft.Extensions.FileProviders.Abstractions": "10.0.8"
        }
      },
      "Microsoft.Extensions.DependencyInjection": {
        "type": "Transitive",
        "resolved": "10.0.8",
        "contentHash": "daf62xHIrq8pnE709hgaZZN9tSam9TGGepWe1+bE6V3GEuVwJiMs6ib+38lfMCyAJAHiX0vapxBhsuMSV7U+cg==",
        "dependencies": {
          "Microsoft.Extensions.DependencyInjection.Abstractions": "10.0.8"
        }
      },
      "Microsoft.Extensions.DependencyInjection.Abstractions": {
        "type": "Transitive",
        "resolved": "10.0.12",
        "contentHash": "9/qymSh7hVDMGTGwrLz8MRp5zRyXy9adGDOs4HwRdnLil3oZGYuWeZjbmHgCQ9BL1qBroVfgUK3U/nb61617Cw=="
      },
      "Microsoft.Extensions.Diagnostics.Abstractions": {
        "type": "Transitive",
        "resolved": "10.0.3",
        "contentHash": "mQiTzAj7PIJ2A9YXR5QhgulS1fTWhmQc3ckd1Mrf3hKW07d03fBDqx8vVaFw+cRTebDOeB6pNqdWdnRxsi1hBA==",
        "dependencies": {
          "Microsoft.Extensions.DependencyInjection.Abstractions": "10.0.3",
          "Microsoft.Extensions.Options": "10.0.3"
        }
      },
      "Microsoft.Extensions.FileProviders.Abstractions": {
        "type": "Transitive",
        "resolved": "10.0.8",
        "contentHash": "U+oquaPxFdY8lYeEIWO/AD7jDIl9sPW6aVWMQRHU/pZ/SWpLcOrAj2fcLe1HwXl4sYw1ONI56K/eELT3xr4RRQ==",
        "dependencies": {
          "Microsoft.Extensions.Primitives": "10.0.8"
        }
      },
      "Microsoft.Extensions.FileProviders.Physical": {
        "type": "Transitive",
        "resolved": "10.0.8",
        "contentHash": "GkPvQe6IdidLu6Q3Lw6+B8NJpW8feW8czZ5mBKt5rXM/x8MvZfEp5WvAsjznzDGd23chIDrW0b2mmt+ScnEgiw==",
        "dependencies": {
          "Microsoft.Extensions.FileProviders.Abstractions": "10.0.8",
          "Microsoft.Extensions.FileSystemGlobbing": "10.0.8",
          "Microsoft.Extensions.Primitives": "10.0.8"
        }
      },
      "Microsoft.Extensions.FileSystemGlobbing": {
        "type": "Transitive",
        "resolved": "10.0.12",
        "contentHash": "45cV+UeI0chPAIXrx9Wv7K4PJXuuIR2pnOur5MOAo6kOFclBHSLLDrvGAxMfWRMtUvpv/kQZkxlgaUN56jwzSQ=="
      },
      "Microsoft.Extensions.Hosting.Abstractions": {
        "type": "Transitive",
        "resolved": "10.0.3",
        "contentHash": "GdMpC10Jf6poxSvUJ4lgYpJ5F/kJeaAoJmrPufjBoPYyCTKKY5Dyl0rZA+LBNvFqTq1cZa/lhlptlUhNvU6xrg==",
        "dependencies": {
          "Microsoft.Extensions.Configuration.Abstractions": "10.0.3",
          "Microsoft.Extensions.DependencyInjection.Abstractions": "10.0.3",
          "Microsoft.Extensions.Diagnostics.Abstractions": "10.0.3",
          "Microsoft.Extensions.FileProviders.Abstractions": "10.0.3",
          "Microsoft.Extensions.Logging.Abstractions": "10.0.3"
        }
      },
      "Microsoft.Extensions.Logging.Abstractions": {
        "type": "Transitive",
        "resolved": "10.0.12",
        "contentHash": "+24lC4plfbEDNfLAdTV/SWKS7dW+16X4HdydO3R++134kSNTzcbYA4KpR1Hdh6uWisB8Za3AzwyOn+K+NxWIug==",
        "dependencies": {
          "Microsoft.Extensions.DependencyInjection.Abstractions": "10.0.12"
        }
      },
      "Microsoft.Extensions.ObjectPool": {
        "type": "Transitive",
        "resolved": "10.0.12",
        "contentHash": "opBULzn9F7ZOL8EoFuqM2QjI6x9AG04DFNdnU2ky/kI4aUzbiXEfuy9jvCuu3D/ieccuDHTlalyC62esPD8wGg=="
      },
      "Microsoft.Extensions.Options": {
        "type": "Transitive",
        "resolved": "10.0.3",
        "contentHash": "hU6WzGTPvPoLA2ng1ILvWQb3g0qORdlHNsxI8IcPLumJb3suimYUl+bbDzdo1V4KFsvVhnMWzysHpKbZaoDQPQ==",
        "dependencies": {
          "Microsoft.Extensions.DependencyInjection.Abstractions": "10.0.3",
          "Microsoft.Extensions.Primitives": "10.0.3"
        }
      },
      "Microsoft.Extensions.Primitives": {
        "type": "Transitive",
        "resolved": "10.0.12",
        "contentHash": "dYfCLR52UA+3DL7C4I/pvSaRPkNqxrUAQmbFL2u0zvYKKzqgrFCJl08Df+F1aYc8leu9JvpC9bsURUdpExcBXQ=="
      },
      "Microsoft.Extensions.VectorData.Abstractions": {
        "type": "Transitive",
        "resolved": "10.10.0",
        "contentHash": "bZdR7QbdLLqmc9xPJIiD5U6H678xyv8eMATjQ0SmH7OZyi+/12G/nFAGCE6DNG22q76YNwkXo+V7GMyUckjjgw==",
        "dependencies": {
          "Microsoft.Extensions.AI.Abstractions": "10.10.0"
        }
      },
      "Microsoft.ML.Tokenizers": {
        "type": "Transitive",
        "resolved": "2.0.0",
        "contentHash": "+b8lT4cLLO/sBR2hjvE/qG6qrZG15h7/PBvnIrzTh4xDaAxdHUY6449rC+1pHzQUsBiCHZVbj+VMn+xS0sL7TA==",
        "dependencies": {
          "Google.Protobuf": "3.30.2"
        }
      },
      "Microsoft.Testing.Extensions.Telemetry": {
        "type": "Transitive",
        "resolved": "2.4.0",
        "contentHash": "JeP1RFqBa11fWmBk8xEfZcMKr4rxWSyI6OZ+659V069CaMkTEOQBW2UdSSeNz3absOsygcn7JJkzerC4LGnZ9w==",
        "dependencies": {
          "Microsoft.ApplicationInsights": "2.23.0",
          "Microsoft.Testing.Platform": "[2.4.0, 3.0.0)"
        }
      },
      "Microsoft.Testing.Extensions.TrxReport.Abstractions": {
        "type": "Transitive",
        "resolved": "2.4.0",
        "contentHash": "uRb+4qM42dFDg4kWJZ2kFEcwESNVCRZJjItp5vETorN3rSJGysP617LqYirOcrCYmxg+obPreHMM5JcsNDKtBw==",
        "dependencies": {
          "Microsoft.Testing.Platform": "[2.4.0, 3.0.0)"
        }
      },
      "Microsoft.Testing.Platform": {
        "type": "Transitive",
        "resolved": "2.4.0",
        "contentHash": "dp1N3P1ujb0ztwFgqz2o/ItEvq+pm19/AiA+Xq7Zpcy7oPMcxDBZLYGtf0LlU1MveEBJuKVjZhI+LnkfcH/0jQ=="
      },
      "Microsoft.Testing.Platform.MSBuild": {
        "type": "Transitive",
        "resolved": "2.4.0",
        "contentHash": "qr5M6h16YHMJLFDcWELFVMMpGte2BUmveBZKT5YoBV+bmuJRPu9bv/Zqke4yQuOEKRNxoAETrG5jr+/6Rnr3Hg==",
        "dependencies": {
          "Microsoft.Testing.Platform": "[2.4.0, 3.0.0)"
        }
      },
      "Microsoft.TestPlatform.ObjectModel": {
        "type": "Transitive",
        "resolved": "18.10.1",
        "contentHash": "o+PuLDRVp1iwiVAPBADZItXgm9Ck23XtPhE4kZtZVi0uYnMiiz1Dx9Cjh75kJ+ijfqnORL3VOTOaQVKi0f/ixg=="
      },
      "Microsoft.TestPlatform.TestHost": {
        "type": "Transitive",
        "resolved": "18.10.1",
        "contentHash": "KYz2omqkoz9E2mWa4fdgT+Ycie1wi5968EmyJlusjlp87RxxtA2FvDm8tcBEYIDzLnkWGnsKjE4d13Z7/rxkQA==",
        "dependencies": {
          "Microsoft.TestPlatform.ObjectModel": "18.10.1"
        }
      },
      "Microsoft.Win32.Registry": {
        "type": "Transitive",
        "resolved": "5.0.0",
        "contentHash": "dDoKi0PnDz31yAyETfRntsLArTlVAVzUzCIvvEDsDsucrl33Dl8pIJG06ePTJTI3tGpeyHS9Cq7Foc/s4EeKcg=="
      },
      "OpenAI": {
        "type": "Transitive",
        "resolved": "2.13.0",
        "contentHash": "fKgWod3UNE+wPkJuLCiWC7FKh3YSEIHa6QK9gKxCVZ4UYsV9+Gwzg4cEDnvVaIiwc00RTwEuhiOn1Rbk4nLjtw==",
        "dependencies": {
          "System.ClientModel": "1.14.0"
        }
      },
      "System.ClientModel": {
        "type": "Transitive",
        "resolved": "1.14.0",
        "contentHash": "yhIJHDW3Hh5kcvhHv3ww1T8qvya06Nlwo/SR/rke4/fHXtyKiqQV/9b/VDhnVI7QUcMnpfvh4pIEFhNsTDLeKQ==",
        "dependencies": {
          "Microsoft.Extensions.Configuration.Abstractions": "10.0.3",
          "Microsoft.Extensions.Hosting.Abstractions": "10.0.3",
          "Microsoft.Extensions.Logging.Abstractions": "10.0.3",
          "System.Memory.Data": "10.0.3"
        }
      },
      "System.Memory.Data": {
        "type": "Transitive",
        "resolved": "10.0.3",
        "contentHash": "MaGhRfGunmrj/nHjtsi9XkhlYJ/ERGWrbA+BiSKNtGnAjc9XlG5EhAvak6VRcX5LYzPF6pBO8nJ613dTgzabig=="
      },
      "System.Numerics.Tensors": {
        "type": "Transitive",
        "resolved": "10.0.12",
        "contentHash": "17brFrnQHV/XMMazXNqFq4GkvzWy8yzDPo5Gb8TT8zJtMFbUqDycOCyPCp9F+eMc4L75kcCKRZqaeBHMwLCL9Q=="
      },
      "System.Security.AccessControl": {
        "type": "Transitive",
        "resolved": "6.0.1",
        "contentHash": "IQ4NXP/B3Ayzvw0rDQzVTYsCKyy0Jp9KI6aYcK7UnGVlR9+Awz++TIPCQtPYfLJfOpm8ajowMR09V7quD3sEHw=="
      },
      "xunit.analyzers": {
        "type": "Transitive",
        "resolved": "2.1.0",
        "contentHash": "X7QXEcZQGz0G/HL4HUyK+aAvNa/IMGbOCnFIq4jD/Evktq12xANKwzOUr7b08vCmC1LXu/47qHWOdjm3KfaJ0A=="
      },
      "xunit.v3.assert": {
        "type": "Transitive",
        "resolved": "4.0.1",
        "contentHash": "nC7d3cY06Oo7hkdwWPZkBR0Ud75xNhgx0P7i0GmMMZC3puCGlc4szFiT30biH03IN/eDnr8h+nv3A1UD17bk/A=="
      },
      "xunit.v3.common": {
        "type": "Transitive",
        "resolved": "4.0.1",
        "contentHash": "Qf25TVdadDQYf9zVxSd7L9RNQhuP0jCUHmo96XTmIKLxGefylIEV63jRbXBPFzdXmV09TCdcurk+AQ9LiWS2Hg==",
        "dependencies": {
          "Microsoft.Bcl.AsyncInterfaces": "6.0.0"
        }
      },
      "xunit.v3.core.mtp-v2": {
        "type": "Transitive",
        "resolved": "4.0.1",
        "contentHash": "7qfTfrIfS2wybpSVyRLmhXHbSudD2eNw66LfukixmKsRCTcfvOrLsx0qGL/lObcEh3Z2F4SIXgoFnLIiB8yfjQ==",
        "dependencies": {
          "Microsoft.Testing.Extensions.Telemetry": "2.4.0",
          "Microsoft.Testing.Extensions.TrxReport.Abstractions": "2.4.0",
          "Microsoft.Testing.Platform": "2.4.0",
          "Microsoft.Testing.Platform.MSBuild": "2.4.0",
          "xunit.v3.extensibility.core": "[4.0.1]",
          "xunit.v3.runner.inproc.console": "[4.0.1]"
        }
      },
      "xunit.v3.extensibility.core": {
        "type": "Transitive",
        "resolved": "4.0.1",
        "contentHash": "J0d5OfFcp920nZxCRIvU14+TZhiSPQR0wvqEMZ3MRiJLPu1VmYlcRNkmcSW0i1DwkB81gAHc+fHUQf/cU64MYg==",
        "dependencies": {
          "xunit.v3.common": "[4.0.1]"
        }
      },
      "xunit.v3.mtp-v2": {
        "type": "Transitive",
        "resolved": "4.0.1",
        "contentHash": "s88KiWwDDYgOWV3A+ViJiqCe9cLU/Rt6Gb5TfOC7Abv/HKSoj4IHVPcOQk7jPt7HhZHHEts5IuaVpB30eO5B1w==",
        "dependencies": {
          "xunit.analyzers": "2.1.0",
          "xunit.v3.assert": "[4.0.1]",
          "xunit.v3.core.mtp-v2": "[4.0.1]"
        }
      },
      "xunit.v3.runner.common": {
        "type": "Transitive",
        "resolved": "4.0.1",
        "contentHash": "p9AyfBpj2e5Iws8B57SbLiSngg7mEdvegHInKR4T2cjt2mis9h8htVgCnmu//agZO4zri6p6VQOj5EkHHTy3gA==",
        "dependencies": {
          "Microsoft.Win32.Registry": "[5.0.0]",
          "System.Security.AccessControl": "[6.0.1]",
          "xunit.v3.common": "[4.0.1]"
        }
      },
      "xunit.v3.runner.inproc.console": {
        "type": "Transitive",
        "resolved": "4.0.1",
        "contentHash": "Hqwfd6ehMIhPmVWUQ2dgmknzuLFTWeyp8ES1q3D4YR5bQVyiXDcaIoaFwqAz2zgLr49WaW4Mz7VVncP7u/Q8/Q==",
        "dependencies": {
          "xunit.v3.extensibility.core": "[4.0.1]",
          "xunit.v3.runner.common": "[4.0.1]"
        }
      },
      "repo2c4.agent": {
        "type": "Project",
        "dependencies": {
          "Microsoft.Agents.AI": "[1.22.0, )",
          "Microsoft.Extensions.AI": "[10.10.0, )",
          "Microsoft.Extensions.AI.OpenAI": "[10.10.0, )",
          "ModelContextProtocol.Core": "[2.2.0, )",
          "OllamaSharp": "[5.4.30, )"
        }
      },
      "Microsoft.Agents.AI": {
        "type": "CentralTransitive",
        "requested": "[1.22.0, )",
        "resolved": "1.22.0",
        "contentHash": "YdQJbL47n8PJmTGCD6DzapD2TQiCfI1f/669ECcHsKw1po3WhTq2lZoO3X7PJ6sZSGE/I2RReJ/hTGwtBZ7WTA==",
        "dependencies": {
          "Microsoft.Agents.AI.Abstractions": "1.22.0",
          "Microsoft.Extensions.AI": "10.10.0",
          "Microsoft.Extensions.AI.Abstractions": "10.10.0",
          "Microsoft.Extensions.AI.Evaluation": "10.10.0",
          "Microsoft.Extensions.Compliance.Abstractions": "10.10.0",
          "Microsoft.Extensions.DependencyInjection.Abstractions": "10.0.12",
          "Microsoft.Extensions.FileSystemGlobbing": "10.0.12",
          "Microsoft.Extensions.Logging.Abstractions": "10.0.12",
          "Microsoft.Extensions.VectorData.Abstractions": "10.10.0",
          "Microsoft.ML.Tokenizers": "2.0.0"
        }
      },
      "Microsoft.Extensions.AI": {
        "type": "CentralTransitive",
        "requested": "[10.10.0, )",
        "resolved": "10.10.0",
        "contentHash": "XKvtDUD3KySkvA5UpS+UF67M5rcqiXjAQchTZZ26WnavVKXxwlUTVdK/Ju0tc/25+16AVUdNl8cnVVGX/tx03A==",
        "dependencies": {
          "Microsoft.Extensions.AI.Abstractions": "10.10.0",
          "Microsoft.Extensions.Caching.Abstractions": "10.0.12",
          "Microsoft.Extensions.DependencyInjection.Abstractions": "10.0.12",
          "Microsoft.Extensions.Logging.Abstractions": "10.0.12",
          "System.Numerics.Tensors": "10.0.12"
        }
      },
      "Microsoft.Extensions.AI.OpenAI": {
        "type": "CentralTransitive",
        "requested": "[10.10.0, )",
        "resolved": "10.10.0",
        "contentHash": "Z5uwqIJ0tGp50P+ark1/qb7wFa6inIRKvaR3L9Frtf7M9uGIil/cz4k9S7va8HMrXzE/xjIJqd6A9cJ7WlMpgg==",
        "dependencies": {
          "Microsoft.Extensions.AI.Abstractions": "10.10.0",
          "OpenAI": "2.13.0"
        }
      },
      "ModelContextProtocol.Core": {
        "type": "CentralTransitive",
        "requested": "[2.2.0, )",
        "resolved": "2.2.0",
        "contentHash": "FeBfXU6T8k+jw4afg4sfxdEX2rL/e5oKOk9ROOGztu9k47+7Bz08sdaToYt2XvMY1opNbwxYQOFMj6wH9TInhA==",
        "dependencies": {
          "Microsoft.Extensions.AI.Abstractions": "10.8.3",
          "Microsoft.Extensions.Logging.Abstractions": "10.0.10"
        }
      },
      "OllamaSharp": {
        "type": "CentralTransitive",
        "requested": "[5.4.30, )",
        "resolved": "5.4.30",
        "contentHash": "r/dtO3cm/D+OCB1A3dPcA//YnC9Cak3SSSK1dxfvG9RbEKjMezf3l04Ag1j8tiDul/oGn9nb8+fIwlrg0KOkww==",
        "dependencies": {
          "Microsoft.Extensions.AI": "10.8.0",
          "Microsoft.Extensions.AI.Abstractions": "10.8.0"
        }
      }
    }
  }
}